
Microsoft Visual Studio Solution File, Format Version 12.00
# Visual Studio 14
VisualStudioVersion = 14.0.25420.1
MinimumVisualStudioVersion = 10.0.40219.1
Project("{FAE04EC0-301F-11D3-BF4B-00C04F79EFBC}") = "JogoPoker", "JogoPoker\JogoPoker.csproj", "{2C08071E-13D6-466C-92AF-17DD75DAD997}"
EndProject
Project("{FAE04EC0-301F-11D3-BF4B-00C04F79EFBC}") = "JogoLogica", "JogoLogica\JogoLogica.csproj", "{A98E9E0F-E642-4611-BDB1-EF14D76CF283}"
EndProject
Global
	GlobalSection(SolutionConfigurationPlatforms) = preSolution
		Debug|Any CPU = Debug|Any CPU
		Release|Any CPU = Release|Any CPU
	EndGlobalSection
	GlobalSection(ProjectConfigurationPlatforms) = postSolution
		{2C08071E-13D6-466C-92AF-17DD75DAD997}.Debug|Any CPU.ActiveCfg = Debug|Any CPU
		{2C08071E-13D6-466C-92AF-17DD75DAD997}.Debug|Any CPU.Build.0 = Debug|Any CPU
		{2C08071E-13D6-466C-92AF-17DD75DAD997}.Release|Any CPU.ActiveCfg = Release|Any CPU
		{2C08071E-13D6-466C-92AF-17DD75DAD997}.Release|Any CPU.Build.0 = Release|Any CPU
		{A98E9E0F-E642-4611-BDB1-EF14D76CF283}.Debug|Any CPU.ActiveCfg = Debug|Any CPU
		{A98E9E0F-E642-4611-BDB1-EF14D76CF283}.Debug|Any CPU.Build.0 = Debug|Any CPU
		{A98E9E0F-E642-4611-BDB1-EF14D76CF283}.Release|Any CPU.ActiveCfg = Release|Any CPU
		{A98E9E0F-E642-4611-BDB1-EF14D76CF283}.Release|Any CPU.Build.0 = Release|Any CPU
	EndGlobalSection
	GlobalSection(SolutionProperties) = preSolution
		HideSolutionNode = FALSE
	EndGlobalSection
EndGlobal
